
Microsoft Visual Studio Solution File, Format Version 12.00
# Visual Studio Version 16
VisualStudioVersion = 16.0.30503.244
MinimumVisualStudioVersion = 10.0.40219.1
Project("{FAE04EC0-301F-11D3-BF4B-00C04F79EFBC}") = "WPFUI", "WPFUI\WPFUI.csproj", "{8E79D095-AAA8-473F-A71B-BBE731608B30}"
EndProject
Project("{FAE04EC0-301F-11D3-BF4B-00C04F79EFBC}") = "Engine", "Engine\Engine.csproj", "{4D9A7726-F62A-4563-BA00-92F8B032E19F}"
EndProject
Global
	GlobalSection(SolutionConfigurationPlatforms) = preSolution
		Debug|Any CPU = Debug|Any CPU
		Release|Any CPU = Release|Any CPU
	EndGlobalSection
	GlobalSection(ProjectConfigurationPlatforms) = postSolution
		{8E79D095-AAA8-473F-A71B-BBE731608B30}.Debug|Any CPU.ActiveCfg = Debug|Any CPU
		{8E79D095-AAA8-473F-A71B-BBE731608B30}.Debug|Any CPU.Build.0 = Debug|Any CPU
		{8E79D095-AAA8-473F-A71B-BBE731608B30}.Release|Any CPU.ActiveCfg = Release|Any CPU
		{8E79D095-AAA8-473F-A71B-BBE731608B30}.Release|Any CPU.Build.0 = Release|Any CPU
		{4D9A7726-F62A-4563-BA00-92F8B032E19F}.Debug|Any CPU.ActiveCfg = Debug|Any CPU
		{4D9A7726-F62A-4563-BA00-92F8B032E19F}.Debug|Any CPU.Build.0 = Debug|Any CPU
		{4D9A7726-F62A-4563-BA00-92F8B032E19F}.Release|Any CPU.ActiveCfg = Release|Any CPU
		{4D9A7726-F62A-4563-BA00-92F8B032E19F}.Release|Any CPU.Build.0 = Release|Any CPU
	EndGlobalSection
	GlobalSection(SolutionProperties) = preSolution
		HideSolutionNode = FALSE
	EndGlobalSection
	GlobalSection(ExtensibilityGlobals) = postSolution
		SolutionGuid = {5B05E504-85B5-446C-8140-6C30FA6FB0A2}
	EndGlobalSection
EndGlobal
